
Microsoft Visual Studio Solution File, Format Version 12.00
# Visual Studio Version 16
VisualStudioVersion = 16.0.29306.81
MinimumVisualStudioVersion = 10.0.40219.1
Project("{FAE04EC0-301F-11D3-BF4B-00C04F79EFBC}") = "ListFundamental", "ListFundamental\ListFundamental.csproj", "{C28C5A9E-2B18-4BD0-A1D0-963D76ED091D}"
EndProject
Global
	GlobalSection(SolutionConfigurationPlatforms) = preSolution
		Debug|Any CPU = Debug|Any CPU
		Release|Any CPU = Release|Any CPU
	EndGlobalSection
	GlobalSection(ProjectConfigurationPlatforms) = postSolution
		{C28C5A9E-2B18-4BD0-A1D0-963D76ED091D}.Debug|Any CPU.ActiveCfg = Debug|Any CPU
		{C28C5A9E-2B18-4BD0-A1D0-963D76ED091D}.Debug|Any CPU.Build.0 = Debug|Any CPU
		{C28C5A9E-2B18-4BD0-A1D0-963D76ED091D}.Release|Any CPU.ActiveCfg = Release|Any CPU
		{C28C5A9E-2B18-4BD0-A1D0-963D76ED091D}.Release|Any CPU.Build.0 = Release|Any CPU
	EndGlobalSection
	GlobalSection(SolutionProperties) = preSolution
		HideSolutionNode = FALSE
	EndGlobalSection
	GlobalSection(ExtensibilityGlobals) = postSolution
		SolutionGuid = {930E5F34-6EB6-4BFF-A397-70FA92D1353B}
	EndGlobalSection
EndGlobal
